
Microsoft Visual Studio Solution File, Format Version 12.00
# Visual Studio 15
VisualStudioVersion = 15.0.27130.2026
MinimumVisualStudioVersion = 10.0.40219.1
Project("{9A19103F-16F7-4668-BE54-9A1E7A4F7556}") = "BashSoft", "BashSoft\BashSoft.csproj", "{6CAF510F-5861-4257-8936-C8C556C7E9C6}"
EndProject
Project("{FAE04EC0-301F-11D3-BF4B-00C04F79EFBC}") = "BashSoftTesting", "BashSoftTesting\BashSoftTesting.csproj", "{EC2E9506-2C63-40DC-908C-506C0434AA31}"
EndProject
Global
	GlobalSection(SolutionConfigurationPlatforms) = preSolution
		Debug|Any CPU = Debug|Any CPU
		Release|Any CPU = Release|Any CPU
	EndGlobalSection
	GlobalSection(ProjectConfigurationPlatforms) = postSolution
		{6CAF510F-5861-4257-8936-C8C556C7E9C6}.Debug|Any CPU.ActiveCfg = Debug|Any CPU
		{6CAF510F-5861-4257-8936-C8C556C7E9C6}.Debug|Any CPU.Build.0 = Debug|Any CPU
		{6CAF510F-5861-4257-8936-C8C556C7E9C6}.Release|Any CPU.ActiveCfg = Release|Any CPU
		{6CAF510F-5861-4257-8936-C8C556C7E9C6}.Release|Any CPU.Build.0 = Release|Any CPU
		{EC2E9506-2C63-40DC-908C-506C0434AA31}.Debug|Any CPU.ActiveCfg = Debug|Any CPU
		{EC2E9506-2C63-40DC-908C-506C0434AA31}.Debug|Any CPU.Build.0 = Debug|Any CPU
		{EC2E9506-2C63-40DC-908C-506C0434AA31}.Release|Any CPU.ActiveCfg = Release|Any CPU
		{EC2E9506-2C63-40DC-908C-506C0434AA31}.Release|Any CPU.Build.0 = Release|Any CPU
	EndGlobalSection
	GlobalSection(SolutionProperties) = preSolution
		HideSolutionNode = FALSE
	EndGlobalSection
	GlobalSection(ExtensibilityGlobals) = postSolution
		SolutionGuid = {366AFD36-9C3D-4BE8-AE91-65B12729FF3E}
	EndGlobalSection
EndGlobal
